
Microsoft Visual Studio Solution File, Format Version 12.00
# Visual Studio 14
VisualStudioVersion = 14.0.23107.0
MinimumVisualStudioVersion = 10.0.40219.1
Project("{FAE04EC0-301F-11D3-BF4B-00C04F79EFBC}") = "DesignStrategies.NullObject", "DesignStrategies.Strategies\DesignStrategies.NullObject.csproj", "{F4A496B8-9F2E-4946-A4B2-997AFD02BD70}"
EndProject
Project("{FAE04EC0-301F-11D3-BF4B-00C04F79EFBC}") = "DesignStrategies.NullObject.App", "DesignStrategies.NullObject.App\DesignStrategies.NullObject.App.csproj", "{50872AFE-7645-445C-B054-3DDFB95E87E5}"
EndProject
Project("{FAE04EC0-301F-11D3-BF4B-00C04F79EFBC}") = "DesignStrategies.NullObject.Tests", "DesignStrategies.NullObject.Tests\DesignStrategies.NullObject.Tests.csproj", "{758732D6-361A-4900-AA83-92635368326D}"
EndProject
Project("{FAE04EC0-301F-11D3-BF4B-00C04F79EFBC}") = "DesignStrategies.Singleton", "DesignStrategies.Singleton\DesignStrategies.Singleton.csproj", "{EE59916D-C0D4-4999-9BA1-C9ED2A1DD640}"
EndProject
Project("{FAE04EC0-301F-11D3-BF4B-00C04F79EFBC}") = "DesignStrategies.Singleton.Tests", "DesignStrategies.Singleton.Tests\DesignStrategies.Singleton.Tests.csproj", "{BCBCAB9D-C408-42F1-AA1A-9FD84CBD8729}"
EndProject
Project("{FAE04EC0-301F-11D3-BF4B-00C04F79EFBC}") = "DesignStrategies.Singleton.App", "DesignStrategies.Singleton.App\DesignStrategies.Singleton.App.csproj", "{46116BC0-157A-48C4-8F94-B281ADA8E74A}"
EndProject
Project("{FAE04EC0-301F-11D3-BF4B-00C04F79EFBC}") = "DesignStrategies.Observer", "DesignStrategies.Observer\DesignStrategies.Observer.csproj", "{8CA5A2AC-B429-4C4B-A9EF-51DAD60AECFC}"
EndProject
Project("{FAE04EC0-301F-11D3-BF4B-00C04F79EFBC}") = "DesignStrategies.Observer.Tests", "DesignStrategies.Observer.Tests\DesignStrategies.Observer.Tests.csproj", "{E5331B2C-BF70-42CE-B4ED-2FBA6D97B4BC}"
EndProject
Global
	GlobalSection(SolutionConfigurationPlatforms) = preSolution
		Debug|Any CPU = Debug|Any CPU
		Release|Any CPU = Release|Any CPU
	EndGlobalSection
	GlobalSection(ProjectConfigurationPlatforms) = postSolution
		{F4A496B8-9F2E-4946-A4B2-997AFD02BD70}.Debug|Any CPU.ActiveCfg = Debug|Any CPU
		{F4A496B8-9F2E-4946-A4B2-997AFD02BD70}.Debug|Any CPU.Build.0 = Debug|Any CPU
		{F4A496B8-9F2E-4946-A4B2-997AFD02BD70}.Release|Any CPU.ActiveCfg = Release|Any CPU
		{F4A496B8-9F2E-4946-A4B2-997AFD02BD70}.Release|Any CPU.Build.0 = Release|Any CPU
		{50872AFE-7645-445C-B054-3DDFB95E87E5}.Debug|Any CPU.ActiveCfg = Debug|Any CPU
		{50872AFE-7645-445C-B054-3DDFB95E87E5}.Debug|Any CPU.Build.0 = Debug|Any CPU
		{50872AFE-7645-445C-B054-3DDFB95E87E5}.Release|Any CPU.ActiveCfg = Release|Any CPU
		{50872AFE-7645-445C-B054-3DDFB95E87E5}.Release|Any CPU.Build.0 = Release|Any CPU
		{758732D6-361A-4900-AA83-92635368326D}.Debug|Any CPU.ActiveCfg = Debug|Any CPU
		{758732D6-361A-4900-AA83-92635368326D}.Debug|Any CPU.Build.0 = Debug|Any CPU
		{758732D6-361A-4900-AA83-92635368326D}.Release|Any CPU.ActiveCfg = Release|Any CPU
		{758732D6-361A-4900-AA83-92635368326D}.Release|Any CPU.Build.0 = Release|Any CPU
		{EE59916D-C0D4-4999-9BA1-C9ED2A1DD640}.Debug|Any CPU.ActiveCfg = Debug|Any CPU
		{EE59916D-C0D4-4999-9BA1-C9ED2A1DD640}.Debug|Any CPU.Build.0 = Debug|Any CPU
		{EE59916D-C0D4-4999-9BA1-C9ED2A1DD640}.Release|Any CPU.ActiveCfg = Release|Any CPU
		{EE59916D-C0D4-4999-9BA1-C9ED2A1DD640}.Release|Any CPU.Build.0 = Release|Any CPU
		{BCBCAB9D-C408-42F1-AA1A-9FD84CBD8729}.Debug|Any CPU.ActiveCfg = Debug|Any CPU
		{BCBCAB9D-C408-42F1-AA1A-9FD84CBD8729}.Debug|Any CPU.Build.0 = Debug|Any CPU
		{BCBCAB9D-C408-42F1-AA1A-9FD84CBD8729}.Release|Any CPU.ActiveCfg = Release|Any CPU
		{BCBCAB9D-C408-42F1-AA1A-9FD84CBD8729}.Release|Any CPU.Build.0 = Release|Any CPU
		{46116BC0-157A-48C4-8F94-B281ADA8E74A}.Debug|Any CPU.ActiveCfg = Debug|Any CPU
		{46116BC0-157A-48C4-8F94-B281ADA8E74A}.Debug|Any CPU.Build.0 = Debug|Any CPU
		{46116BC0-157A-48C4-8F94-B281ADA8E74A}.Release|Any CPU.ActiveCfg = Release|Any CPU
		{46116BC0-157A-48C4-8F94-B281ADA8E74A}.Release|Any CPU.Build.0 = Release|Any CPU
		{8CA5A2AC-B429-4C4B-A9EF-51DAD60AECFC}.Debug|Any CPU.ActiveCfg = Debug|Any CPU
		{8CA5A2AC-B429-4C4B-A9EF-51DAD60AECFC}.Debug|Any CPU.Build.0 = Debug|Any CPU
		{8CA5A2AC-B429-4C4B-A9EF-51DAD60AECFC}.Release|Any CPU.ActiveCfg = Release|Any CPU
		{8CA5A2AC-B429-4C4B-A9EF-51DAD60AECFC}.Release|Any CPU.Build.0 = Release|Any CPU
		{E5331B2C-BF70-42CE-B4ED-2FBA6D97B4BC}.Debug|Any CPU.ActiveCfg = Debug|Any CPU
		{E5331B2C-BF70-42CE-B4ED-2FBA6D97B4BC}.Debug|Any CPU.Build.0 = Debug|Any CPU
		{E5331B2C-BF70-42CE-B4ED-2FBA6D97B4BC}.Release|Any CPU.ActiveCfg = Release|Any CPU
		{E5331B2C-BF70-42CE-B4ED-2FBA6D97B4BC}.Release|Any CPU.Build.0 = Release|Any CPU
	EndGlobalSection
	GlobalSection(SolutionProperties) = preSolution
		HideSolutionNode = FALSE
	EndGlobalSection
EndGlobal
